
Microsoft Visual Studio Solution File, Format Version 12.00
# Visual Studio Version 16
VisualStudioVersion = 16.0.31129.286
MinimumVisualStudioVersion = 10.0.40219.1
Project("{FAE04EC0-301F-11D3-BF4B-00C04F79EFBC}") = "LabSintaxis3", "LabSintaxis3\LabSintaxis3.csproj", "{52B73130-CDAD-4669-919D-893C9BBBAC3E}"
EndProject
Global
	GlobalSection(SolutionConfigurationPlatforms) = preSolution
		Debug|Any CPU = Debug|Any CPU
		Release|Any CPU = Release|Any CPU
	EndGlobalSection
	GlobalSection(ProjectConfigurationPlatforms) = postSolution
		{52B73130-CDAD-4669-919D-893C9BBBAC3E}.Debug|Any CPU.ActiveCfg = Debug|Any CPU
		{52B73130-CDAD-4669-919D-893C9BBBAC3E}.Debug|Any CPU.Build.0 = Debug|Any CPU
		{52B73130-CDAD-4669-919D-893C9BBBAC3E}.Release|Any CPU.ActiveCfg = Release|Any CPU
		{52B73130-CDAD-4669-919D-893C9BBBAC3E}.Release|Any CPU.Build.0 = Release|Any CPU
	EndGlobalSection
	GlobalSection(SolutionProperties) = preSolution
		HideSolutionNode = FALSE
	EndGlobalSection
	GlobalSection(ExtensibilityGlobals) = postSolution
		SolutionGuid = {F3651B3C-2127-47CD-B56F-5CF0A668AFF7}
	EndGlobalSection
EndGlobal
