
Microsoft Visual Studio Solution File, Format Version 12.00
# Visual Studio Version 16
VisualStudioVersion = 16.0.31129.286
MinimumVisualStudioVersion = 10.0.40219.1
Project("{FAE04EC0-301F-11D3-BF4B-00C04F79EFBC}") = "AppAdivineElNumero", "AppAdivineElNumero\AppAdivineElNumero.csproj", "{C979CC3C-3CEE-4582-B9D1-CF8F12D7F24C}"
EndProject
Project("{FAE04EC0-301F-11D3-BF4B-00C04F79EFBC}") = "Clases", "Clases\Clases.csproj", "{82B1654F-7F53-484C-8B30-92E8E6FE13A6}"
EndProject
Global
	GlobalSection(SolutionConfigurationPlatforms) = preSolution
		Debug|Any CPU = Debug|Any CPU
		Release|Any CPU = Release|Any CPU
	EndGlobalSection
	GlobalSection(ProjectConfigurationPlatforms) = postSolution
		{C979CC3C-3CEE-4582-B9D1-CF8F12D7F24C}.Debug|Any CPU.ActiveCfg = Debug|Any CPU
		{C979CC3C-3CEE-4582-B9D1-CF8F12D7F24C}.Debug|Any CPU.Build.0 = Debug|Any CPU
		{C979CC3C-3CEE-4582-B9D1-CF8F12D7F24C}.Release|Any CPU.ActiveCfg = Release|Any CPU
		{C979CC3C-3CEE-4582-B9D1-CF8F12D7F24C}.Release|Any CPU.Build.0 = Release|Any CPU
		{82B1654F-7F53-484C-8B30-92E8E6FE13A6}.Debug|Any CPU.ActiveCfg = Debug|Any CPU
		{82B1654F-7F53-484C-8B30-92E8E6FE13A6}.Debug|Any CPU.Build.0 = Debug|Any CPU
		{82B1654F-7F53-484C-8B30-92E8E6FE13A6}.Release|Any CPU.ActiveCfg = Release|Any CPU
		{82B1654F-7F53-484C-8B30-92E8E6FE13A6}.Release|Any CPU.Build.0 = Release|Any CPU
	EndGlobalSection
	GlobalSection(SolutionProperties) = preSolution
		HideSolutionNode = FALSE
	EndGlobalSection
	GlobalSection(ExtensibilityGlobals) = postSolution
		SolutionGuid = {FBC46228-5FDA-4810-8338-6162F4A7734E}
	EndGlobalSection
EndGlobal
