
Microsoft Visual Studio Solution File, Format Version 12.00
# Visual Studio Version 16
VisualStudioVersion = 16.0.31129.286
MinimumVisualStudioVersion = 10.0.40219.1
Project("{FAE04EC0-301F-11D3-BF4B-00C04F79EFBC}") = "AppListaNumero", "AppListaNumero\AppListaNumero.csproj", "{C438D523-7327-4CA2-97A0-78672564736C}"
EndProject
Global
	GlobalSection(SolutionConfigurationPlatforms) = preSolution
		Debug|Any CPU = Debug|Any CPU
		Release|Any CPU = Release|Any CPU
	EndGlobalSection
	GlobalSection(ProjectConfigurationPlatforms) = postSolution
		{C438D523-7327-4CA2-97A0-78672564736C}.Debug|Any CPU.ActiveCfg = Debug|Any CPU
		{C438D523-7327-4CA2-97A0-78672564736C}.Debug|Any CPU.Build.0 = Debug|Any CPU
		{C438D523-7327-4CA2-97A0-78672564736C}.Release|Any CPU.ActiveCfg = Release|Any CPU
		{C438D523-7327-4CA2-97A0-78672564736C}.Release|Any CPU.Build.0 = Release|Any CPU
	EndGlobalSection
	GlobalSection(SolutionProperties) = preSolution
		HideSolutionNode = FALSE
	EndGlobalSection
	GlobalSection(ExtensibilityGlobals) = postSolution
		SolutionGuid = {38620554-A77E-4007-B31F-FC41E7E26A7E}
	EndGlobalSection
EndGlobal
